// !$*UTF8*$!
{
	archiveVersion = 1;
	classes = {
	};
	objectVersion = 56;
	objects = {

/* Begin PBXBuildFile section */
		1215D4072BFEC38C00DB07C3 /* Int.swift in Sources */ = {isa = PBXBuildFile; fileRef = 1215D4062BFEC38C00DB07C3 /* Int.swift */; };
		123F12612BFFE39600F5E6E6 /* ServiceConnection.swift in Sources */ = {isa = PBXBuildFile; fileRef = 123F12602BFFE39600F5E6E6 /* ServiceConnection.swift */; };
		123F12632C00AAB500F5E6E6 /* StatusViewModel.swift in Sources */ = {isa = PBXBuildFile; fileRef = 123F12622C00AAB500F5E6E6 /* StatusViewModel.swift */; };
		123F12652C00AE3100F5E6E6 /* PacingSettings.swift in Sources */ = {isa = PBXBuildFile; fileRef = 123F12642C00AE3100F5E6E6 /* PacingSettings.swift */; };
		124645E52BF1661000CB6EAC /* RunViewModel.swift in Sources */ = {isa = PBXBuildFile; fileRef = 124645E42BF1661000CB6EAC /* RunViewModel.swift */; };
		124645E82BF169DF00CB6EAC /* TPPicker.swift in Sources */ = {isa = PBXBuildFile; fileRef = 124645E72BF169DF00CB6EAC /* TPPicker.swift */; };
		124645EA2BF16A2400CB6EAC /* TPButton.swift in Sources */ = {isa = PBXBuildFile; fileRef = 124645E92BF16A2400CB6EAC /* TPButton.swift */; };
		124645ED2BF16A6C00CB6EAC /* ActionButtonStyle.swift in Sources */ = {isa = PBXBuildFile; fileRef = 124645EC2BF16A6C00CB6EAC /* ActionButtonStyle.swift */; };
		124645F02BF16B5600CB6EAC /* PacingStatus.swift in Sources */ = {isa = PBXBuildFile; fileRef = 124645EF2BF16B5600CB6EAC /* PacingStatus.swift */; };
		124645F22BF16E5900CB6EAC /* PaceView.swift in Sources */ = {isa = PBXBuildFile; fileRef = 124645F12BF16E5900CB6EAC /* PaceView.swift */; };
		124645F42BF1731900CB6EAC /* PaceViewModel.swift in Sources */ = {isa = PBXBuildFile; fileRef = 124645F32BF1731900CB6EAC /* PaceViewModel.swift */; };
		1271228E2BEE41A000106069 /* TrackPacerApp.swift in Sources */ = {isa = PBXBuildFile; fileRef = 1271228D2BEE41A000106069 /* TrackPacerApp.swift */; };
		127122902BEE41A000106069 /* ContentView.swift in Sources */ = {isa = PBXBuildFile; fileRef = 1271228F2BEE41A000106069 /* ContentView.swift */; };
		127122922BEE41A200106069 /* Assets.xcassets in Resources */ = {isa = PBXBuildFile; fileRef = 127122912BEE41A200106069 /* Assets.xcassets */; };
		127122952BEE41A200106069 /* Preview Assets.xcassets in Resources */ = {isa = PBXBuildFile; fileRef = 127122942BEE41A200106069 /* Preview Assets.xcassets */; };
		1271229D2BEE565200106069 /* StatusView.swift in Sources */ = {isa = PBXBuildFile; fileRef = 1271229C2BEE565200106069 /* StatusView.swift */; };
		1271229F2BEE5AC600106069 /* RunView.swift in Sources */ = {isa = PBXBuildFile; fileRef = 1271229E2BEE5AC600106069 /* RunView.swift */; };
		127122A12BEE5B6100106069 /* HistoryView.swift in Sources */ = {isa = PBXBuildFile; fileRef = 127122A02BEE5B6100106069 /* HistoryView.swift */; };
		127122A32BEE5DCC00106069 /* AudioView.swift in Sources */ = {isa = PBXBuildFile; fileRef = 127122A22BEE5DCC00106069 /* AudioView.swift */; };
		127122A52BEE68D100106069 /* SettingsView.swift in Sources */ = {isa = PBXBuildFile; fileRef = 127122A42BEE68D100106069 /* SettingsView.swift */; };
		127122A82BEE7F1F00106069 /* DistanceSelection.swift in Sources */ = {isa = PBXBuildFile; fileRef = 127122A72BEE7F1F00106069 /* DistanceSelection.swift */; };
		127122AB2BEEDE5400106069 /* MainViewModel.swift in Sources */ = {isa = PBXBuildFile; fileRef = 127122AA2BEEDE5400106069 /* MainViewModel.swift */; };
		1293591E2BFE0BAD0042F99E /* WaypointCalculator.swift in Sources */ = {isa = PBXBuildFile; fileRef = 1293591D2BFE0BAD0042F99E /* WaypointCalculator.swift */; };
		129359212BFE1BA20042F99E /* Array.swift in Sources */ = {isa = PBXBuildFile; fileRef = 129359202BFE1BA20042F99E /* Array.swift */; };
		129359252BFE20290042F99E /* WaypointService.swift in Sources */ = {isa = PBXBuildFile; fileRef = 129359242BFE20290042F99E /* WaypointService.swift */; };
		1293594C2BFE4D8D0042F99E /* onehundred.m4a in Resources */ = {isa = PBXBuildFile; fileRef = 129359262BFE4D8C0042F99E /* onehundred.m4a */; };
		1293594D2BFE4D8D0042F99E /* lap7.m4a in Resources */ = {isa = PBXBuildFile; fileRef = 129359272BFE4D8C0042F99E /* lap7.m4a */; };
		1293594E2BFE4D8D0042F99E /* finish.m4a in Resources */ = {isa = PBXBuildFile; fileRef = 129359282BFE4D8C0042F99E /* finish.m4a */; };
		1293594F2BFE4D8D0042F99E /* lap4.m4a in Resources */ = {isa = PBXBuildFile; fileRef = 129359292BFE4D8C0042F99E /* lap4.m4a */; };
		129359502BFE4D8D0042F99E /* paused.m4a in Resources */ = {isa = PBXBuildFile; fileRef = 1293592A2BFE4D8C0042F99E /* paused.m4a */; };
		129359512BFE4D8D0042F99E /* lap9.m4a in Resources */ = {isa = PBXBuildFile; fileRef = 1293592B2BFE4D8C0042F99E /* lap9.m4a */; };
		129359522BFE4D8D0042F99E /* threehundredandfifty.m4a in Resources */ = {isa = PBXBuildFile; fileRef = 1293592C2BFE4D8C0042F99E /* threehundredandfifty.m4a */; };
		129359532BFE4D8D0042F99E /* lap15.m4a in Resources */ = {isa = PBXBuildFile; fileRef = 1293592D2BFE4D8C0042F99E /* lap15.m4a */; };
		129359542BFE4D8D0042F99E /* threehundred.m4a in Resources */ = {isa = PBXBuildFile; fileRef = 1293592E2BFE4D8C0042F99E /* threehundred.m4a */; };
		129359552BFE4D8D0042F99E /* lap13.m4a in Resources */ = {isa = PBXBuildFile; fileRef = 1293592F2BFE4D8C0042F99E /* lap13.m4a */; };
		129359562BFE4D8D0042F99E /* lap8.m4a in Resources */ = {isa = PBXBuildFile; fileRef = 129359302BFE4D8C0042F99E /* lap8.m4a */; };
		129359572BFE4D8D0042F99E /* lap22.m4a in Resources */ = {isa = PBXBuildFile; fileRef = 129359312BFE4D8C0042F99E /* lap22.m4a */; };
		129359582BFE4D8D0042F99E /* lap24.m4a in Resources */ = {isa = PBXBuildFile; fileRef = 129359322BFE4D8C0042F99E /* lap24.m4a */; };
		129359592BFE4D8D0042F99E /* lap5.m4a in Resources */ = {isa = PBXBuildFile; fileRef = 129359332BFE4D8C0042F99E /* lap5.m4a */; };
		1293595A2BFE4D8D0042F99E /* lap18.m4a in Resources */ = {isa = PBXBuildFile; fileRef = 129359342BFE4D8C0042F99E /* lap18.m4a */; };
		1293595B2BFE4D8D0042F99E /* go.m4a in Resources */ = {isa = PBXBuildFile; fileRef = 129359352BFE4D8C0042F99E /* go.m4a */; };
		1293595C2BFE4D8D0042F99E /* complete.m4a in Resources */ = {isa = PBXBuildFile; fileRef = 129359362BFE4D8C0042F99E /* complete.m4a */; };
		1293595D2BFE4D8D0042F99E /* lap17.m4a in Resources */ = {isa = PBXBuildFile; fileRef = 129359372BFE4D8C0042F99E /* lap17.m4a */; };
		1293595E2BFE4D8D0042F99E /* lap20.m4a in Resources */ = {isa = PBXBuildFile; fileRef = 129359382BFE4D8C0042F99E /* lap20.m4a */; };
		1293595F2BFE4D8D0042F99E /* cancelled.m4a in Resources */ = {isa = PBXBuildFile; fileRef = 129359392BFE4D8C0042F99E /* cancelled.m4a */; };
		129359602BFE4D8D0042F99E /* lap6.m4a in Resources */ = {isa = PBXBuildFile; fileRef = 1293593A2BFE4D8C0042F99E /* lap6.m4a */; };
		129359612BFE4D8D0042F99E /* lap10.m4a in Resources */ = {isa = PBXBuildFile; fileRef = 1293593B2BFE4D8C0042F99E /* lap10.m4a */; };
		129359622BFE4D8D0042F99E /* onehundredandfifty.m4a in Resources */ = {isa = PBXBuildFile; fileRef = 1293593C2BFE4D8C0042F99E /* onehundredandfifty.m4a */; };
		129359632BFE4D8D0042F99E /* lap14.m4a in Resources */ = {isa = PBXBuildFile; fileRef = 1293593D2BFE4D8D0042F99E /* lap14.m4a */; };
		129359642BFE4D8D0042F99E /* twohundredandfifty.m4a in Resources */ = {isa = PBXBuildFile; fileRef = 1293593E2BFE4D8D0042F99E /* twohundredandfifty.m4a */; };
		129359652BFE4D8D0042F99E /* lap16.m4a in Resources */ = {isa = PBXBuildFile; fileRef = 1293593F2BFE4D8D0042F99E /* lap16.m4a */; };
		129359662BFE4D8D0042F99E /* lap3.m4a in Resources */ = {isa = PBXBuildFile; fileRef = 129359402BFE4D8D0042F99E /* lap3.m4a */; };
		129359672BFE4D8D0042F99E /* lap11.m4a in Resources */ = {isa = PBXBuildFile; fileRef = 129359412BFE4D8D0042F99E /* lap11.m4a */; };
		129359682BFE4D8D0042F99E /* fourhundred.m4a in Resources */ = {isa = PBXBuildFile; fileRef = 129359422BFE4D8D0042F99E /* fourhundred.m4a */; };
		129359692BFE4D8D0042F99E /* resumed.m4a in Resources */ = {isa = PBXBuildFile; fileRef = 129359432BFE4D8D0042F99E /* resumed.m4a */; };
		1293596A2BFE4D8D0042F99E /* lap25.m4a in Resources */ = {isa = PBXBuildFile; fileRef = 129359442BFE4D8D0042F99E /* lap25.m4a */; };
		1293596B2BFE4D8D0042F99E /* twohundred.m4a in Resources */ = {isa = PBXBuildFile; fileRef = 129359452BFE4D8D0042F99E /* twohundred.m4a */; };
		1293596C2BFE4D8D0042F99E /* fifty.m4a in Resources */ = {isa = PBXBuildFile; fileRef = 129359462BFE4D8D0042F99E /* fifty.m4a */; };
		1293596D2BFE4D8D0042F99E /* lap2.m4a in Resources */ = {isa = PBXBuildFile; fileRef = 129359472BFE4D8D0042F99E /* lap2.m4a */; };
		1293596E2BFE4D8D0042F99E /* lap12.m4a in Resources */ = {isa = PBXBuildFile; fileRef = 129359482BFE4D8D0042F99E /* lap12.m4a */; };
		1293596F2BFE4D8D0042F99E /* lap19.m4a in Resources */ = {isa = PBXBuildFile; fileRef = 129359492BFE4D8D0042F99E /* lap19.m4a */; };
		129359702BFE4D8D0042F99E /* lap21.m4a in Resources */ = {isa = PBXBuildFile; fileRef = 1293594A2BFE4D8D0042F99E /* lap21.m4a */; };
		129359712BFE4D8D0042F99E /* lap23.m4a in Resources */ = {isa = PBXBuildFile; fileRef = 1293594B2BFE4D8D0042F99E /* lap23.m4a */; };
		129359732BFE66F30042F99E /* Handler.swift in Sources */ = {isa = PBXBuildFile; fileRef = 129359722BFE66F30042F99E /* Handler.swift */; };
		129359752BFE683F0042F99E /* Runnable.swift in Sources */ = {isa = PBXBuildFile; fileRef = 129359742BFE683F0042F99E /* Runnable.swift */; };
		129359792BFEAC180042F99E /* Int64.swift in Sources */ = {isa = PBXBuildFile; fileRef = 129359782BFEAC180042F99E /* Int64.swift */; };
		1293597B2BFEAD1D0042F99E /* Double.swift in Sources */ = {isa = PBXBuildFile; fileRef = 1293597A2BFEAD1D0042F99E /* Double.swift */; };
		1293597D2BFEADF50042F99E /* ContinousClock.swift in Sources */ = {isa = PBXBuildFile; fileRef = 1293597C2BFEADF50042F99E /* ContinousClock.swift */; };
		12AE78F82C0276440057764D /* Exception.swift in Sources */ = {isa = PBXBuildFile; fileRef = 12AE78F72C0276440057764D /* Exception.swift */; };
		12AE78FA2C0294A70057764D /* TimeSelection.swift in Sources */ = {isa = PBXBuildFile; fileRef = 12AE78F92C0294A70057764D /* TimeSelection.swift */; };
		12AE78FC2C0297B10057764D /* RunModel.swift in Sources */ = {isa = PBXBuildFile; fileRef = 12AE78FB2C0297B10057764D /* RunModel.swift */; };
		12AE78FE2C029E260057764D /* SelectionChangedDelegate.swift in Sources */ = {isa = PBXBuildFile; fileRef = 12AE78FD2C029E260057764D /* SelectionChangedDelegate.swift */; };
		12B144AF2BF2854A00FCD2A7 /* PacingProgress.swift in Sources */ = {isa = PBXBuildFile; fileRef = 12B144AE2BF2854A00FCD2A7 /* PacingProgress.swift */; };
		12B144B22BF2889600FCD2A7 /* TimeUtil.swift in Sources */ = {isa = PBXBuildFile; fileRef = 12B144B12BF2889600FCD2A7 /* TimeUtil.swift */; };
		12B144B42BF28F6E00FCD2A7 /* PacingOptions.swift in Sources */ = {isa = PBXBuildFile; fileRef = 12B144B32BF28F6E00FCD2A7 /* PacingOptions.swift */; };
		12B144B62BF2D13700FCD2A7 /* PacingProgressStyle.swift in Sources */ = {isa = PBXBuildFile; fileRef = 12B144B52BF2D13700FCD2A7 /* PacingProgressStyle.swift */; };
		12B144BA2BF3CD6100FCD2A7 /* threetwoone.m4a in Resources */ = {isa = PBXBuildFile; fileRef = 12B144B92BF3CD6100FCD2A7 /* threetwoone.m4a */; };
		12C873502C036B4100FA5C5E /* TrackSelection.swift in Sources */ = {isa = PBXBuildFile; fileRef = 12C8734F2C036B4100FA5C5E /* TrackSelection.swift */; };
		12C873532C03740500FA5C5E /* R.swift in Sources */ = {isa = PBXBuildFile; fileRef = 12C873522C03740500FA5C5E /* R.swift */; };
		12C873552C0376F100FA5C5E /* Localizable.xcstrings in Resources */ = {isa = PBXBuildFile; fileRef = 12C873542C0376F100FA5C5E /* Localizable.xcstrings */; };
		12E5204D2C00E98A002F54AE /* LaneSelection.swift in Sources */ = {isa = PBXBuildFile; fileRef = 12E5204C2C00E98A002F54AE /* LaneSelection.swift */; };
		12E520522C014046002F54AE /* DistanceModel.swift in Sources */ = {isa = PBXBuildFile; fileRef = 12E520512C014046002F54AE /* DistanceModel.swift */; };
		12E520542C014345002F54AE /* DistanceManager.swift in Sources */ = {isa = PBXBuildFile; fileRef = 12E520532C014345002F54AE /* DistanceManager.swift */; };
		12E5205A2C015114002F54AE /* File.swift in Sources */ = {isa = PBXBuildFile; fileRef = 12E520592C015114002F54AE /* File.swift */; };
		12E5205C2C015AD5002F54AE /* String.swift in Sources */ = {isa = PBXBuildFile; fileRef = 12E5205B2C015AD5002F54AE /* String.swift */; };
/* End PBXBuildFile section */

/* Begin PBXFileReference section */
		1215D4062BFEC38C00DB07C3 /* Int.swift */ = {isa = PBXFileReference; lastKnownFileType = sourcecode.swift; path = Int.swift; sourceTree = "<group>"; };
		123F12602BFFE39600F5E6E6 /* ServiceConnection.swift */ = {isa = PBXFileReference; lastKnownFileType = sourcecode.swift; path = ServiceConnection.swift; sourceTree = "<group>"; };
		123F12622C00AAB500F5E6E6 /* StatusViewModel.swift */ = {isa = PBXFileReference; lastKnownFileType = sourcecode.swift; path = StatusViewModel.swift; sourceTree = "<group>"; };
		123F12642C00AE3100F5E6E6 /* PacingSettings.swift */ = {isa = PBXFileReference; lastKnownFileType = sourcecode.swift; path = PacingSettings.swift; sourceTree = "<group>"; };
		124645E42BF1661000CB6EAC /* RunViewModel.swift */ = {isa = PBXFileReference; lastKnownFileType = sourcecode.swift; path = RunViewModel.swift; sourceTree = "<group>"; };
		124645E72BF169DF00CB6EAC /* TPPicker.swift */ = {isa = PBXFileReference; lastKnownFileType = sourcecode.swift; path = TPPicker.swift; sourceTree = "<group>"; };
		124645E92BF16A2400CB6EAC /* TPButton.swift */ = {isa = PBXFileReference; lastKnownFileType = sourcecode.swift; path = TPButton.swift; sourceTree = "<group>"; };
		124645EC2BF16A6C00CB6EAC /* ActionButtonStyle.swift */ = {isa = PBXFileReference; lastKnownFileType = sourcecode.swift; path = ActionButtonStyle.swift; sourceTree = "<group>"; };
		124645EF2BF16B5600CB6EAC /* PacingStatus.swift */ = {isa = PBXFileReference; lastKnownFileType = sourcecode.swift; path = PacingStatus.swift; sourceTree = "<group>"; };
		124645F12BF16E5900CB6EAC /* PaceView.swift */ = {isa = PBXFileReference; lastKnownFileType = sourcecode.swift; path = PaceView.swift; sourceTree = "<group>"; };
		124645F32BF1731900CB6EAC /* PaceViewModel.swift */ = {isa = PBXFileReference; lastKnownFileType = sourcecode.swift; path = PaceViewModel.swift; sourceTree = "<group>"; };
		1271228A2BEE41A000106069 /* TrackPacer.app */ = {isa = PBXFileReference; explicitFileType = wrapper.application; includeInIndex = 0; path = TrackPacer.app; sourceTree = BUILT_PRODUCTS_DIR; };
		1271228D2BEE41A000106069 /* TrackPacerApp.swift */ = {isa = PBXFileReference; lastKnownFileType = sourcecode.swift; path = TrackPacerApp.swift; sourceTree = "<group>"; };
		1271228F2BEE41A000106069 /* ContentView.swift */ = {isa = PBXFileReference; lastKnownFileType = sourcecode.swift; path = ContentView.swift; sourceTree = "<group>"; };
		127122912BEE41A200106069 /* Assets.xcassets */ = {isa = PBXFileReference; lastKnownFileType = folder.assetcatalog; path = Assets.xcassets; sourceTree = "<group>"; };
		127122942BEE41A200106069 /* Preview Assets.xcassets */ = {isa = PBXFileReference; lastKnownFileType = folder.assetcatalog; path = "Preview Assets.xcassets"; sourceTree = "<group>"; };
		1271229C2BEE565200106069 /* StatusView.swift */ = {isa = PBXFileReference; lastKnownFileType = sourcecode.swift; path = StatusView.swift; sourceTree = "<group>"; };
		1271229E2BEE5AC600106069 /* RunView.swift */ = {isa = PBXFileReference; lastKnownFileType = sourcecode.swift; path = RunView.swift; sourceTree = "<group>"; };
		127122A02BEE5B6100106069 /* HistoryView.swift */ = {isa = PBXFileReference; lastKnownFileType = sourcecode.swift; path = HistoryView.swift; sourceTree = "<group>"; };
		127122A22BEE5DCC00106069 /* AudioView.swift */ = {isa = PBXFileReference; lastKnownFileType = sourcecode.swift; path = AudioView.swift; sourceTree = "<group>"; };
		127122A42BEE68D100106069 /* SettingsView.swift */ = {isa = PBXFileReference; lastKnownFileType = sourcecode.swift; path = SettingsView.swift; sourceTree = "<group>"; };
		127122A72BEE7F1F00106069 /* DistanceSelection.swift */ = {isa = PBXFileReference; lastKnownFileType = sourcecode.swift; path = DistanceSelection.swift; sourceTree = "<group>"; };
		127122AA2BEEDE5400106069 /* MainViewModel.swift */ = {isa = PBXFileReference; lastKnownFileType = sourcecode.swift; path = MainViewModel.swift; sourceTree = "<group>"; };
		1293591D2BFE0BAD0042F99E /* WaypointCalculator.swift */ = {isa = PBXFileReference; lastKnownFileType = sourcecode.swift; path = "Waypoint\U0010Calculator.swift"; sourceTree = "<group>"; };
		129359202BFE1BA20042F99E /* Array.swift */ = {isa = PBXFileReference; lastKnownFileType = sourcecode.swift; path = Array.swift; sourceTree = "<group>"; };
		129359242BFE20290042F99E /* WaypointService.swift */ = {isa = PBXFileReference; lastKnownFileType = sourcecode.swift; path = WaypointService.swift; sourceTree = "<group>"; };
		129359262BFE4D8C0042F99E /* onehundred.m4a */ = {isa = PBXFileReference; lastKnownFileType = file; path = onehundred.m4a; sourceTree = "<group>"; };
		129359272BFE4D8C0042F99E /* lap7.m4a */ = {isa = PBXFileReference; lastKnownFileType = file; path = lap7.m4a; sourceTree = "<group>"; };
		129359282BFE4D8C0042F99E /* finish.m4a */ = {isa = PBXFileReference; lastKnownFileType = file; path = finish.m4a; sourceTree = "<group>"; };
		129359292BFE4D8C0042F99E /* lap4.m4a */ = {isa = PBXFileReference; lastKnownFileType = file; path = lap4.m4a; sourceTree = "<group>"; };
		1293592A2BFE4D8C0042F99E /* paused.m4a */ = {isa = PBXFileReference; lastKnownFileType = file; path = paused.m4a; sourceTree = "<group>"; };
		1293592B2BFE4D8C0042F99E /* lap9.m4a */ = {isa = PBXFileReference; lastKnownFileType = file; path = lap9.m4a; sourceTree = "<group>"; };
		1293592C2BFE4D8C0042F99E /* threehundredandfifty.m4a */ = {isa = PBXFileReference; lastKnownFileType = file; path = threehundredandfifty.m4a; sourceTree = "<group>"; };
		1293592D2BFE4D8C0042F99E /* lap15.m4a */ = {isa = PBXFileReference; lastKnownFileType = file; path = lap15.m4a; sourceTree = "<group>"; };
		1293592E2BFE4D8C0042F99E /* threehundred.m4a */ = {isa = PBXFileReference; lastKnownFileType = file; path = threehundred.m4a; sourceTree = "<group>"; };
		1293592F2BFE4D8C0042F99E /* lap13.m4a */ = {isa = PBXFileReference; lastKnownFileType = file; path = lap13.m4a; sourceTree = "<group>"; };
		129359302BFE4D8C0042F99E /* lap8.m4a */ = {isa = PBXFileReference; lastKnownFileType = file; path = lap8.m4a; sourceTree = "<group>"; };
		129359312BFE4D8C0042F99E /* lap22.m4a */ = {isa = PBXFileReference; lastKnownFileType = file; path = lap22.m4a; sourceTree = "<group>"; };
		129359322BFE4D8C0042F99E /* lap24.m4a */ = {isa = PBXFileReference; lastKnownFileType = file; path = lap24.m4a; sourceTree = "<group>"; };
		129359332BFE4D8C0042F99E /* lap5.m4a */ = {isa = PBXFileReference; lastKnownFileType = file; path = lap5.m4a; sourceTree = "<group>"; };
		129359342BFE4D8C0042F99E /* lap18.m4a */ = {isa = PBXFileReference; lastKnownFileType = file; path = lap18.m4a; sourceTree = "<group>"; };
		129359352BFE4D8C0042F99E /* go.m4a */ = {isa = PBXFileReference; lastKnownFileType = file; path = go.m4a; sourceTree = "<group>"; };
		129359362BFE4D8C0042F99E /* complete.m4a */ = {isa = PBXFileReference; lastKnownFileType = file; path = complete.m4a; sourceTree = "<group>"; };
		129359372BFE4D8C0042F99E /* lap17.m4a */ = {isa = PBXFileReference; lastKnownFileType = file; path = lap17.m4a; sourceTree = "<group>"; };
		129359382BFE4D8C0042F99E /* lap20.m4a */ = {isa = PBXFileReference; lastKnownFileType = file; path = lap20.m4a; sourceTree = "<group>"; };
		129359392BFE4D8C0042F99E /* cancelled.m4a */ = {isa = PBXFileReference; lastKnownFileType = file; path = cancelled.m4a; sourceTree = "<group>"; };
		1293593A2BFE4D8C0042F99E /* lap6.m4a */ = {isa = PBXFileReference; lastKnownFileType = file; path = lap6.m4a; sourceTree = "<group>"; };
		1293593B2BFE4D8C0042F99E /* lap10.m4a */ = {isa = PBXFileReference; lastKnownFileType = file; path = lap10.m4a; sourceTree = "<group>"; };
		1293593C2BFE4D8C0042F99E /* onehundredandfifty.m4a */ = {isa = PBXFileReference; lastKnownFileType = file; path = onehundredandfifty.m4a; sourceTree = "<group>"; };
		1293593D2BFE4D8D0042F99E /* lap14.m4a */ = {isa = PBXFileReference; lastKnownFileType = file; path = lap14.m4a; sourceTree = "<group>"; };
		1293593E2BFE4D8D0042F99E /* twohundredandfifty.m4a */ = {isa = PBXFileReference; lastKnownFileType = file; path = twohundredandfifty.m4a; sourceTree = "<group>"; };
		1293593F2BFE4D8D0042F99E /* lap16.m4a */ = {isa = PBXFileReference; lastKnownFileType = file; path = lap16.m4a; sourceTree = "<group>"; };
		129359402BFE4D8D0042F99E /* lap3.m4a */ = {isa = PBXFileReference; lastKnownFileType = file; path = lap3.m4a; sourceTree = "<group>"; };
		129359412BFE4D8D0042F99E /* lap11.m4a */ = {isa = PBXFileReference; lastKnownFileType = file; path = lap11.m4a; sourceTree = "<group>"; };
		129359422BFE4D8D0042F99E /* fourhundred.m4a */ = {isa = PBXFileReference; lastKnownFileType = file; path = fourhundred.m4a; sourceTree = "<group>"; };
		129359432BFE4D8D0042F99E /* resumed.m4a */ = {isa = PBXFileReference; lastKnownFileType = file; path = resumed.m4a; sourceTree = "<group>"; };
		129359442BFE4D8D0042F99E /* lap25.m4a */ = {isa = PBXFileReference; lastKnownFileType = file; path = lap25.m4a; sourceTree = "<group>"; };
		129359452BFE4D8D0042F99E /* twohundred.m4a */ = {isa = PBXFileReference; lastKnownFileType = file; path = twohundred.m4a; sourceTree = "<group>"; };
		129359462BFE4D8D0042F99E /* fifty.m4a */ = {isa = PBXFileReference; lastKnownFileType = file; path = fifty.m4a; sourceTree = "<group>"; };
		129359472BFE4D8D0042F99E /* lap2.m4a */ = {isa = PBXFileReference; lastKnownFileType = file; path = lap2.m4a; sourceTree = "<group>"; };
		129359482BFE4D8D0042F99E /* lap12.m4a */ = {isa = PBXFileReference; lastKnownFileType = file; path = lap12.m4a; sourceTree = "<group>"; };
		129359492BFE4D8D0042F99E /* lap19.m4a */ = {isa = PBXFileReference; lastKnownFileType = file; path = lap19.m4a; sourceTree = "<group>"; };
		1293594A2BFE4D8D0042F99E /* lap21.m4a */ = {isa = PBXFileReference; lastKnownFileType = file; path = lap21.m4a; sourceTree = "<group>"; };
		1293594B2BFE4D8D0042F99E /* lap23.m4a */ = {isa = PBXFileReference; lastKnownFileType = file; path = lap23.m4a; sourceTree = "<group>"; };
		129359722BFE66F30042F99E /* Handler.swift */ = {isa = PBXFileReference; lastKnownFileType = sourcecode.swift; path = Handler.swift; sourceTree = "<group>"; };
		129359742BFE683F0042F99E /* Runnable.swift */ = {isa = PBXFileReference; lastKnownFileType = sourcecode.swift; path = Runnable.swift; sourceTree = "<group>"; };
		129359782BFEAC180042F99E /* Int64.swift */ = {isa = PBXFileReference; lastKnownFileType = sourcecode.swift; path = Int64.swift; sourceTree = "<group>"; };
		1293597A2BFEAD1D0042F99E /* Double.swift */ = {isa = PBXFileReference; lastKnownFileType = sourcecode.swift; path = Double.swift; sourceTree = "<group>"; };
		1293597C2BFEADF50042F99E /* ContinousClock.swift */ = {isa = PBXFileReference; lastKnownFileType = sourcecode.swift; path = ContinousClock.swift; sourceTree = "<group>"; };
		12AE78F72C0276440057764D /* Exception.swift */ = {isa = PBXFileReference; lastKnownFileType = sourcecode.swift; path = Exception.swift; sourceTree = "<group>"; };
		12AE78F92C0294A70057764D /* TimeSelection.swift */ = {isa = PBXFileReference; lastKnownFileType = sourcecode.swift; path = TimeSelection.swift; sourceTree = "<group>"; };
		12AE78FB2C0297B10057764D /* RunModel.swift */ = {isa = PBXFileReference; lastKnownFileType = sourcecode.swift; path = RunModel.swift; sourceTree = "<group>"; };
		12AE78FD2C029E260057764D /* SelectionChangedDelegate.swift */ = {isa = PBXFileReference; lastKnownFileType = sourcecode.swift; path = SelectionChangedDelegate.swift; sourceTree = "<group>"; };
		12B144AE2BF2854A00FCD2A7 /* PacingProgress.swift */ = {isa = PBXFileReference; lastKnownFileType = sourcecode.swift; path = PacingProgress.swift; sourceTree = "<group>"; };
		12B144B12BF2889600FCD2A7 /* TimeUtil.swift */ = {isa = PBXFileReference; lastKnownFileType = sourcecode.swift; path = TimeUtil.swift; sourceTree = "<group>"; };
		12B144B32BF28F6E00FCD2A7 /* PacingOptions.swift */ = {isa = PBXFileReference; lastKnownFileType = sourcecode.swift; path = PacingOptions.swift; sourceTree = "<group>"; };
		12B144B52BF2D13700FCD2A7 /* PacingProgressStyle.swift */ = {isa = PBXFileReference; lastKnownFileType = sourcecode.swift; path = PacingProgressStyle.swift; sourceTree = "<group>"; };
		12B144B72BF3BDAA00FCD2A7 /* Info.plist */ = {isa = PBXFileReference; lastKnownFileType = text.plist; path = Info.plist; sourceTree = "<group>"; };
		12B144B92BF3CD6100FCD2A7 /* threetwoone.m4a */ = {isa = PBXFileReference; lastKnownFileType = file; path = threetwoone.m4a; sourceTree = "<group>"; };
		12C8734F2C036B4100FA5C5E /* TrackSelection.swift */ = {isa = PBXFileReference; lastKnownFileType = sourcecode.swift; path = TrackSelection.swift; sourceTree = "<group>"; };
		12C873522C03740500FA5C5E /* R.swift */ = {isa = PBXFileReference; lastKnownFileType = sourcecode.swift; path = R.swift; sourceTree = "<group>"; };
		12C873542C0376F100FA5C5E /* Localizable.xcstrings */ = {isa = PBXFileReference; lastKnownFileType = text.json.xcstrings; path = Localizable.xcstrings; sourceTree = "<group>"; };
		12E5204C2C00E98A002F54AE /* LaneSelection.swift */ = {isa = PBXFileReference; lastKnownFileType = sourcecode.swift; path = LaneSelection.swift; sourceTree = "<group>"; };
		12E520512C014046002F54AE /* DistanceModel.swift */ = {isa = PBXFileReference; lastKnownFileType = sourcecode.swift; path = DistanceModel.swift; sourceTree = "<group>"; };
		12E520532C014345002F54AE /* DistanceManager.swift */ = {isa = PBXFileReference; lastKnownFileType = sourcecode.swift; path = DistanceManager.swift; sourceTree = "<group>"; };
		12E520592C015114002F54AE /* File.swift */ = {isa = PBXFileReference; lastKnownFileType = sourcecode.swift; path = File.swift; sourceTree = "<group>"; };
		12E5205B2C015AD5002F54AE /* String.swift */ = {isa = PBXFileReference; lastKnownFileType = sourcecode.swift; path = String.swift; sourceTree = "<group>"; };
/* End PBXFileReference section */

/* Begin PBXFrameworksBuildPhase section */
		127122872BEE41A000106069 /* Frameworks */ = {
			isa = PBXFrameworksBuildPhase;
			buildActionMask = 2147483647;
			files = (
			);
			runOnlyForDeploymentPostprocessing = 0;
		};
/* End PBXFrameworksBuildPhase section */

/* Begin PBXGroup section */
		124645E62BF169A100CB6EAC /* SubViews */ = {
			isa = PBXGroup;
			children = (
				1271229C2BEE565200106069 /* StatusView.swift */,
				124645E72BF169DF00CB6EAC /* TPPicker.swift */,
				124645E92BF16A2400CB6EAC /* TPButton.swift */,
			);
			path = SubViews;
			sourceTree = "<group>";
		};
		124645EB2BF16A4D00CB6EAC /* Styles */ = {
			isa = PBXGroup;
			children = (
				124645EC2BF16A6C00CB6EAC /* ActionButtonStyle.swift */,
				12B144B52BF2D13700FCD2A7 /* PacingProgressStyle.swift */,
			);
			path = Styles;
			sourceTree = "<group>";
		};
		124645EE2BF16A8800CB6EAC /* UI */ = {
			isa = PBXGroup;
			children = (
				127122A92BEEDE3F00106069 /* ViewModels */,
				124645EB2BF16A4D00CB6EAC /* Styles */,
				1271229B2BEE561A00106069 /* Views */,
			);
			path = UI;
			sourceTree = "<group>";
		};
		127122812BEE41A000106069 = {
			isa = PBXGroup;
			children = (
				1271228C2BEE41A000106069 /* TrackPacer */,
				1271228B2BEE41A000106069 /* Products */,
			);
			sourceTree = "<group>";
		};
		1271228B2BEE41A000106069 /* Products */ = {
			isa = PBXGroup;
			children = (
				1271228A2BEE41A000106069 /* TrackPacer.app */,
			);
			name = Products;
			sourceTree = "<group>";
		};
		1271228C2BEE41A000106069 /* TrackPacer */ = {
			isa = PBXGroup;
			children = (
				12C873562C03785800FA5C5E /* App */,
				12B144B82BF3CCFC00FCD2A7 /* Audio */,
				12AE78F62C0275F40057764D /* Errors */,
				1293591F2BFE1B910042F99E /* Ext */,
				12AE78F52C0268F80057764D /* Kotlin */,
				12B144B02BF2887600FCD2A7 /* Util */,
				124645EE2BF16A8800CB6EAC /* UI */,
				1293591C2BFE0B790042F99E /* Waypoint */,
				12B144B72BF3BDAA00FCD2A7 /* Info.plist */,
				127122912BEE41A200106069 /* Assets.xcassets */,
				12C873542C0376F100FA5C5E /* Localizable.xcstrings */,
				127122932BEE41A200106069 /* Preview Content */,
			);
			path = TrackPacer;
			sourceTree = "<group>";
		};
		127122932BEE41A200106069 /* Preview Content */ = {
			isa = PBXGroup;
			children = (
				127122942BEE41A200106069 /* Preview Assets.xcassets */,
			);
			path = "Preview Content";
			sourceTree = "<group>";
		};
		1271229B2BEE561A00106069 /* Views */ = {
			isa = PBXGroup;
			children = (
				124645E62BF169A100CB6EAC /* SubViews */,
				1271229E2BEE5AC600106069 /* RunView.swift */,
				124645F12BF16E5900CB6EAC /* PaceView.swift */,
				127122A02BEE5B6100106069 /* HistoryView.swift */,
				127122A22BEE5DCC00106069 /* AudioView.swift */,
				127122A42BEE68D100106069 /* SettingsView.swift */,
			);
			path = Views;
			sourceTree = "<group>";
		};
		127122A62BEE7ED300106069 /* Observables */ = {
			isa = PBXGroup;
			children = (
				12AE78FF2C029E680057764D /* Delegates */,
				12E5204B2C00E968002F54AE /* Pace */,
				12E5204A2C00E961002F54AE /* Run */,
			);
			path = Observables;
			sourceTree = "<group>";
		};
		127122A92BEEDE3F00106069 /* ViewModels */ = {
			isa = PBXGroup;
			children = (
				127122A62BEE7ED300106069 /* Observables */,
				127122AA2BEEDE5400106069 /* MainViewModel.swift */,
				124645E42BF1661000CB6EAC /* RunViewModel.swift */,
				124645F32BF1731900CB6EAC /* PaceViewModel.swift */,
				123F12622C00AAB500F5E6E6 /* StatusViewModel.swift */,
			);
			path = ViewModels;
			sourceTree = "<group>";
		};
		1293591C2BFE0B790042F99E /* Waypoint */ = {
			isa = PBXGroup;
			children = (
				123F12602BFFE39600F5E6E6 /* ServiceConnection.swift */,
				1293591D2BFE0BAD0042F99E /* WaypointCalculator.swift */,
				129359242BFE20290042F99E /* WaypointService.swift */,
			);
			path = Waypoint;
			sourceTree = "<group>";
		};
		1293591F2BFE1B910042F99E /* Ext */ = {
			isa = PBXGroup;
			children = (
				129359202BFE1BA20042F99E /* Array.swift */,
				1293597C2BFEADF50042F99E /* ContinousClock.swift */,
				1293597A2BFEAD1D0042F99E /* Double.swift */,
				1215D4062BFEC38C00DB07C3 /* Int.swift */,
				129359782BFEAC180042F99E /* Int64.swift */,
				12E5205B2C015AD5002F54AE /* String.swift */,
			);
			path = Ext;
			sourceTree = "<group>";
		};
		12AE78F52C0268F80057764D /* Kotlin */ = {
			isa = PBXGroup;
			children = (
				12C873522C03740500FA5C5E /* R.swift */,
				12E520592C015114002F54AE /* File.swift */,
				129359722BFE66F30042F99E /* Handler.swift */,
				129359742BFE683F0042F99E /* Runnable.swift */,
			);
			path = Kotlin;
			sourceTree = "<group>";
		};
		12AE78F62C0275F40057764D /* Errors */ = {
			isa = PBXGroup;
			children = (
				12AE78F72C0276440057764D /* Exception.swift */,
			);
			path = Errors;
			sourceTree = "<group>";
		};
		12AE78FF2C029E680057764D /* Delegates */ = {
			isa = PBXGroup;
			children = (
				12AE78FD2C029E260057764D /* SelectionChangedDelegate.swift */,
			);
			path = Delegates;
			sourceTree = "<group>";
		};
		12B144B02BF2887600FCD2A7 /* Util */ = {
			isa = PBXGroup;
			children = (
				12B144B12BF2889600FCD2A7 /* TimeUtil.swift */,
			);
			path = Util;
			sourceTree = "<group>";
		};
		12B144B82BF3CCFC00FCD2A7 /* Audio */ = {
			isa = PBXGroup;
			children = (
				129359392BFE4D8C0042F99E /* cancelled.m4a */,
				129359362BFE4D8C0042F99E /* complete.m4a */,
				129359462BFE4D8D0042F99E /* fifty.m4a */,
				129359282BFE4D8C0042F99E /* finish.m4a */,
				129359422BFE4D8D0042F99E /* fourhundred.m4a */,
				129359352BFE4D8C0042F99E /* go.m4a */,
				129359472BFE4D8D0042F99E /* lap2.m4a */,
				129359402BFE4D8D0042F99E /* lap3.m4a */,
				129359292BFE4D8C0042F99E /* lap4.m4a */,
				129359332BFE4D8C0042F99E /* lap5.m4a */,
				1293593A2BFE4D8C0042F99E /* lap6.m4a */,
				129359272BFE4D8C0042F99E /* lap7.m4a */,
				129359302BFE4D8C0042F99E /* lap8.m4a */,
				1293592B2BFE4D8C0042F99E /* lap9.m4a */,
				1293593B2BFE4D8C0042F99E /* lap10.m4a */,
				129359412BFE4D8D0042F99E /* lap11.m4a */,
				129359482BFE4D8D0042F99E /* lap12.m4a */,
				1293592F2BFE4D8C0042F99E /* lap13.m4a */,
				1293593D2BFE4D8D0042F99E /* lap14.m4a */,
				1293592D2BFE4D8C0042F99E /* lap15.m4a */,
				1293593F2BFE4D8D0042F99E /* lap16.m4a */,
				129359372BFE4D8C0042F99E /* lap17.m4a */,
				129359342BFE4D8C0042F99E /* lap18.m4a */,
				129359492BFE4D8D0042F99E /* lap19.m4a */,
				129359382BFE4D8C0042F99E /* lap20.m4a */,
				1293594A2BFE4D8D0042F99E /* lap21.m4a */,
				129359312BFE4D8C0042F99E /* lap22.m4a */,
				1293594B2BFE4D8D0042F99E /* lap23.m4a */,
				129359322BFE4D8C0042F99E /* lap24.m4a */,
				129359442BFE4D8D0042F99E /* lap25.m4a */,
				129359262BFE4D8C0042F99E /* onehundred.m4a */,
				1293593C2BFE4D8C0042F99E /* onehundredandfifty.m4a */,
				1293592A2BFE4D8C0042F99E /* paused.m4a */,
				129359432BFE4D8D0042F99E /* resumed.m4a */,
				1293592E2BFE4D8C0042F99E /* threehundred.m4a */,
				1293592C2BFE4D8C0042F99E /* threehundredandfifty.m4a */,
				129359452BFE4D8D0042F99E /* twohundred.m4a */,
				1293593E2BFE4D8D0042F99E /* twohundredandfifty.m4a */,
				12B144B92BF3CD6100FCD2A7 /* threetwoone.m4a */,
			);
			path = Audio;
			sourceTree = "<group>";
		};
		12C873562C03785800FA5C5E /* App */ = {
			isa = PBXGroup;
			children = (
				12E5204F2C0134C1002F54AE /* Models */,
				12E5204E2C013487002F54AE /* StorageModels */,
				1271228F2BEE41A000106069 /* ContentView.swift */,
				1271228D2BEE41A000106069 /* TrackPacerApp.swift */,
			);
			path = App;
			sourceTree = "<group>";
		};
		12E5204A2C00E961002F54AE /* Run */ = {
			isa = PBXGroup;
			children = (
				127122A72BEE7F1F00106069 /* DistanceSelection.swift */,
				12E5204C2C00E98A002F54AE /* LaneSelection.swift */,
				12AE78F92C0294A70057764D /* TimeSelection.swift */,
				12C8734F2C036B4100FA5C5E /* TrackSelection.swift */,
			);
			path = Run;
			sourceTree = "<group>";
		};
		12E5204B2C00E968002F54AE /* Pace */ = {
			isa = PBXGroup;
			children = (
				12B144AE2BF2854A00FCD2A7 /* PacingProgress.swift */,
				12B144B32BF28F6E00FCD2A7 /* PacingOptions.swift */,
				124645EF2BF16B5600CB6EAC /* PacingStatus.swift */,
				123F12642C00AE3100F5E6E6 /* PacingSettings.swift */,
			);
			path = Pace;
			sourceTree = "<group>";
		};
		12E5204E2C013487002F54AE /* StorageModels */ = {
			isa = PBXGroup;
			children = (
				12E520512C014046002F54AE /* DistanceModel.swift */,
				12E520502C014019002F54AE /* Manager */,
			);
			path = StorageModels;
			sourceTree = "<group>";
		};
		12E5204F2C0134C1002F54AE /* Models */ = {
			isa = PBXGroup;
			children = (
				12AE78FB2C0297B10057764D /* RunModel.swift */,
			);
			path = Models;
			sourceTree = "<group>";
		};
		12E520502C014019002F54AE /* Manager */ = {
			isa = PBXGroup;
			children = (
				12E520532C014345002F54AE /* DistanceManager.swift */,
			);
			path = Manager;
			sourceTree = "<group>";
		};
/* End PBXGroup section */

/* Begin PBXNativeTarget section */
		127122892BEE41A000106069 /* TrackPacer */ = {
			isa = PBXNativeTarget;
			buildConfigurationList = 127122982BEE41A200106069 /* Build configuration list for PBXNativeTarget "TrackPacer" */;
			buildPhases = (
				127122862BEE41A000106069 /* Sources */,
				127122872BEE41A000106069 /* Frameworks */,
				127122882BEE41A000106069 /* Resources */,
			);
			buildRules = (
			);
			dependencies = (
			);
			name = TrackPacer;
			productName = TrackPacer;
			productReference = 1271228A2BEE41A000106069 /* TrackPacer.app */;
			productType = "com.apple.product-type.application";
		};
/* End PBXNativeTarget section */

/* Begin PBXProject section */
		127122822BEE41A000106069 /* Project object */ = {
			isa = PBXProject;
			attributes = {
				BuildIndependentTargetsInParallel = 1;
				LastSwiftUpdateCheck = 1530;
				LastUpgradeCheck = 1530;
				TargetAttributes = {
					127122892BEE41A000106069 = {
						CreatedOnToolsVersion = 15.3;
					};
				};
			};
			buildConfigurationList = 127122852BEE41A000106069 /* Build configuration list for PBXProject "TrackPacer" */;
			compatibilityVersion = "Xcode 14.0";
			developmentRegion = en;
			hasScannedForEncodings = 0;
			knownRegions = (
				en,
				Base,
			);
			mainGroup = 127122812BEE41A000106069;
			productRefGroup = 1271228B2BEE41A000106069 /* Products */;
			projectDirPath = "";
			projectRoot = "";
			targets = (
				127122892BEE41A000106069 /* TrackPacer */,
			);
		};
/* End PBXProject section */

/* Begin PBXResourcesBuildPhase section */
		127122882BEE41A000106069 /* Resources */ = {
			isa = PBXResourcesBuildPhase;
			buildActionMask = 2147483647;
			files = (
				12B144BA2BF3CD6100FCD2A7 /* threetwoone.m4a in Resources */,
				129359552BFE4D8D0042F99E /* lap13.m4a in Resources */,
				1293595E2BFE4D8D0042F99E /* lap20.m4a in Resources */,
				1293596C2BFE4D8D0042F99E /* fifty.m4a in Resources */,
				129359592BFE4D8D0042F99E /* lap5.m4a in Resources */,
				1293596F2BFE4D8D0042F99E /* lap19.m4a in Resources */,
				129359512BFE4D8D0042F99E /* lap9.m4a in Resources */,
				129359682BFE4D8D0042F99E /* fourhundred.m4a in Resources */,
				1293595B2BFE4D8D0042F99E /* go.m4a in Resources */,
				129359542BFE4D8D0042F99E /* threehundred.m4a in Resources */,
				1293596D2BFE4D8D0042F99E /* lap2.m4a in Resources */,
				1293595F2BFE4D8D0042F99E /* cancelled.m4a in Resources */,
				127122952BEE41A200106069 /* Preview Assets.xcassets in Resources */,
				129359652BFE4D8D0042F99E /* lap16.m4a in Resources */,
				129359612BFE4D8D0042F99E /* lap10.m4a in Resources */,
				129359572BFE4D8D0042F99E /* lap22.m4a in Resources */,
				129359632BFE4D8D0042F99E /* lap14.m4a in Resources */,
				129359702BFE4D8D0042F99E /* lap21.m4a in Resources */,
				1293595D2BFE4D8D0042F99E /* lap17.m4a in Resources */,
				129359532BFE4D8D0042F99E /* lap15.m4a in Resources */,
				1293594C2BFE4D8D0042F99E /* onehundred.m4a in Resources */,
				1293594E2BFE4D8D0042F99E /* finish.m4a in Resources */,
				129359502BFE4D8D0042F99E /* paused.m4a in Resources */,
				1293596A2BFE4D8D0042F99E /* lap25.m4a in Resources */,
				1293595A2BFE4D8D0042F99E /* lap18.m4a in Resources */,
				1293596E2BFE4D8D0042F99E /* lap12.m4a in Resources */,
				12C873552C0376F100FA5C5E /* Localizable.xcstrings in Resources */,
				129359672BFE4D8D0042F99E /* lap11.m4a in Resources */,
				129359622BFE4D8D0042F99E /* onehundredandfifty.m4a in Resources */,
				129359712BFE4D8D0042F99E /* lap23.m4a in Resources */,
				129359692BFE4D8D0042F99E /* resumed.m4a in Resources */,
				129359642BFE4D8D0042F99E /* twohundredandfifty.m4a in Resources */,
				1293596B2BFE4D8D0042F99E /* twohundred.m4a in Resources */,
				1293595C2BFE4D8D0042F99E /* complete.m4a in Resources */,
				1293594F2BFE4D8D0042F99E /* lap4.m4a in Resources */,
				129359522BFE4D8D0042F99E /* threehundredandfifty.m4a in Resources */,
				129359602BFE4D8D0042F99E /* lap6.m4a in Resources */,
				129359582BFE4D8D0042F99E /* lap24.m4a in Resources */,
				1293594D2BFE4D8D0042F99E /* lap7.m4a in Resources */,
				127122922BEE41A200106069 /* Assets.xcassets in Resources */,
				129359662BFE4D8D0042F99E /* lap3.m4a in Resources */,
				129359562BFE4D8D0042F99E /* lap8.m4a in Resources */,
			);
			runOnlyForDeploymentPostprocessing = 0;
		};
/* End PBXResourcesBuildPhase section */

/* Begin PBXSourcesBuildPhase section */
		127122862BEE41A000106069 /* Sources */ = {
			isa = PBXSourcesBuildPhase;
			buildActionMask = 2147483647;
			files = (
				12C873532C03740500FA5C5E /* R.swift in Sources */,
				129359752BFE683F0042F99E /* Runnable.swift in Sources */,
				127122A52BEE68D100106069 /* SettingsView.swift in Sources */,
				1271229F2BEE5AC600106069 /* RunView.swift in Sources */,
				1215D4072BFEC38C00DB07C3 /* Int.swift in Sources */,
				123F12632C00AAB500F5E6E6 /* StatusViewModel.swift in Sources */,
				127122A32BEE5DCC00106069 /* AudioView.swift in Sources */,
				129359252BFE20290042F99E /* WaypointService.swift in Sources */,
				127122902BEE41A000106069 /* ContentView.swift in Sources */,
				124645EA2BF16A2400CB6EAC /* TPButton.swift in Sources */,
				1293597B2BFEAD1D0042F99E /* Double.swift in Sources */,
				129359732BFE66F30042F99E /* Handler.swift in Sources */,
				1293597D2BFEADF50042F99E /* ContinousClock.swift in Sources */,
				12C873502C036B4100FA5C5E /* TrackSelection.swift in Sources */,
				12B144AF2BF2854A00FCD2A7 /* PacingProgress.swift in Sources */,
				127122AB2BEEDE5400106069 /* MainViewModel.swift in Sources */,
				12AE78FE2C029E260057764D /* SelectionChangedDelegate.swift in Sources */,
				124645ED2BF16A6C00CB6EAC /* ActionButtonStyle.swift in Sources */,
				12AE78FA2C0294A70057764D /* TimeSelection.swift in Sources */,
				12B144B62BF2D13700FCD2A7 /* PacingProgressStyle.swift in Sources */,
				127122A82BEE7F1F00106069 /* DistanceSelection.swift in Sources */,
				127122A12BEE5B6100106069 /* HistoryView.swift in Sources */,
				12AE78F82C0276440057764D /* Exception.swift in Sources */,
				123F12652C00AE3100F5E6E6 /* PacingSettings.swift in Sources */,
				124645E82BF169DF00CB6EAC /* TPPicker.swift in Sources */,
				12E520522C014046002F54AE /* DistanceModel.swift in Sources */,
				124645F02BF16B5600CB6EAC /* PacingStatus.swift in Sources */,
				12B144B42BF28F6E00FCD2A7 /* PacingOptions.swift in Sources */,
				124645F42BF1731900CB6EAC /* PaceViewModel.swift in Sources */,
				12E520542C014345002F54AE /* DistanceManager.swift in Sources */,
				12E5205A2C015114002F54AE /* File.swift in Sources */,
				123F12612BFFE39600F5E6E6 /* ServiceConnection.swift in Sources */,
				12E5205C2C015AD5002F54AE /* String.swift in Sources */,
				124645E52BF1661000CB6EAC /* RunViewModel.swift in Sources */,
				12B144B22BF2889600FCD2A7 /* TimeUtil.swift in Sources */,
				129359212BFE1BA20042F99E /* Array.swift in Sources */,
				12E5204D2C00E98A002F54AE /* LaneSelection.swift in Sources */,
				129359792BFEAC180042F99E /* Int64.swift in Sources */,
				124645F22BF16E5900CB6EAC /* PaceView.swift in Sources */,
				1271228E2BEE41A000106069 /* TrackPacerApp.swift in Sources */,
				1271229D2BEE565200106069 /* StatusView.swift in Sources */,
				1293591E2BFE0BAD0042F99E /* WaypointCalculator.swift in Sources */,
				12AE78FC2C0297B10057764D /* RunModel.swift in Sources */,
			);
			runOnlyForDeploymentPostprocessing = 0;
		};
/* End PBXSourcesBuildPhase section */

/* Begin XCBuildConfiguration section */
		127122962BEE41A200106069 /* Debug */ = {
			isa = XCBuildConfiguration;
			buildSettings = {
				ALWAYS_SEARCH_USER_PATHS = NO;
				ASSETCATALOG_COMPILER_GENERATE_SWIFT_ASSET_SYMBOL_EXTENSIONS = YES;
				CLANG_ANALYZER_NONNULL = YES;
				CLANG_ANALYZER_NUMBER_OBJECT_CONVERSION = YES_AGGRESSIVE;
				CLANG_CXX_LANGUAGE_STANDARD = "gnu++20";
				CLANG_ENABLE_MODULES = YES;
				CLANG_ENABLE_OBJC_ARC = YES;
				CLANG_ENABLE_OBJC_WEAK = YES;
				CLANG_WARN_BLOCK_CAPTURE_AUTORELEASING = YES;
				CLANG_WARN_BOOL_CONVERSION = YES;
				CLANG_WARN_COMMA = YES;
				CLANG_WARN_CONSTANT_CONVERSION = YES;
				CLANG_WARN_DEPRECATED_OBJC_IMPLEMENTATIONS = YES;
				CLANG_WARN_DIRECT_OBJC_ISA_USAGE = YES_ERROR;
				CLANG_WARN_DOCUMENTATION_COMMENTS = YES;
				CLANG_WARN_EMPTY_BODY = YES;
				CLANG_WARN_ENUM_CONVERSION = YES;
				CLANG_WARN_INFINITE_RECURSION = YES;
				CLANG_WARN_INT_CONVERSION = YES;
				CLANG_WARN_NON_LITERAL_NULL_CONVERSION = YES;
				CLANG_WARN_OBJC_IMPLICIT_RETAIN_SELF = YES;
				CLANG_WARN_OBJC_LITERAL_CONVERSION = YES;
				CLANG_WARN_OBJC_ROOT_CLASS = YES_ERROR;
				CLANG_WARN_QUOTED_INCLUDE_IN_FRAMEWORK_HEADER = YES;
				CLANG_WARN_RANGE_LOOP_ANALYSIS = YES;
				CLANG_WARN_STRICT_PROTOTYPES = YES;
				CLANG_WARN_SUSPICIOUS_MOVE = YES;
				CLANG_WARN_UNGUARDED_AVAILABILITY = YES_AGGRESSIVE;
				CLANG_WARN_UNREACHABLE_CODE = YES;
				CLANG_WARN__DUPLICATE_METHOD_MATCH = YES;
				COPY_PHASE_STRIP = NO;
				DEBUG_INFORMATION_FORMAT = dwarf;
				ENABLE_STRICT_OBJC_MSGSEND = YES;
				ENABLE_TESTABILITY = YES;
				ENABLE_USER_SCRIPT_SANDBOXING = YES;
				GCC_C_LANGUAGE_STANDARD = gnu17;
				GCC_DYNAMIC_NO_PIC = NO;
				GCC_NO_COMMON_BLOCKS = YES;
				GCC_OPTIMIZATION_LEVEL = 0;
				GCC_PREPROCESSOR_DEFINITIONS = (
					"DEBUG=1",
					"$(inherited)",
				);
				GCC_WARN_64_TO_32_BIT_CONVERSION = YES;
				GCC_WARN_ABOUT_RETURN_TYPE = YES_ERROR;
				GCC_WARN_UNDECLARED_SELECTOR = YES;
				GCC_WARN_UNINITIALIZED_AUTOS = YES_AGGRESSIVE;
				GCC_WARN_UNUSED_FUNCTION = YES;
				GCC_WARN_UNUSED_VARIABLE = YES;
				IPHONEOS_DEPLOYMENT_TARGET = 17.4;
				LOCALIZATION_PREFERS_STRING_CATALOGS = YES;
				MTL_ENABLE_DEBUG_INFO = INCLUDE_SOURCE;
				MTL_FAST_MATH = YES;
				ONLY_ACTIVE_ARCH = YES;
				SDKROOT = iphoneos;
				SWIFT_ACTIVE_COMPILATION_CONDITIONS = "DEBUG $(inherited)";
				SWIFT_OPTIMIZATION_LEVEL = "-Onone";
			};
			name = Debug;
		};
		127122972BEE41A200106069 /* Release */ = {
			isa = XCBuildConfiguration;
			buildSettings = {
				ALWAYS_SEARCH_USER_PATHS = NO;
				ASSETCATALOG_COMPILER_GENERATE_SWIFT_ASSET_SYMBOL_EXTENSIONS = YES;
				CLANG_ANALYZER_NONNULL = YES;
				CLANG_ANALYZER_NUMBER_OBJECT_CONVERSION = YES_AGGRESSIVE;
				CLANG_CXX_LANGUAGE_STANDARD = "gnu++20";
				CLANG_ENABLE_MODULES = YES;
				CLANG_ENABLE_OBJC_ARC = YES;
				CLANG_ENABLE_OBJC_WEAK = YES;
				CLANG_WARN_BLOCK_CAPTURE_AUTORELEASING = YES;
				CLANG_WARN_BOOL_CONVERSION = YES;
				CLANG_WARN_COMMA = YES;
				CLANG_WARN_CONSTANT_CONVERSION = YES;
				CLANG_WARN_DEPRECATED_OBJC_IMPLEMENTATIONS = YES;
				CLANG_WARN_DIRECT_OBJC_ISA_USAGE = YES_ERROR;
				CLANG_WARN_DOCUMENTATION_COMMENTS = YES;
				CLANG_WARN_EMPTY_BODY = YES;
				CLANG_WARN_ENUM_CONVERSION = YES;
				CLANG_WARN_INFINITE_RECURSION = YES;
				CLANG_WARN_INT_CONVERSION = YES;
				CLANG_WARN_NON_LITERAL_NULL_CONVERSION = YES;
				CLANG_WARN_OBJC_IMPLICIT_RETAIN_SELF = YES;
				CLANG_WARN_OBJC_LITERAL_CONVERSION = YES;
				CLANG_WARN_OBJC_ROOT_CLASS = YES_ERROR;
				CLANG_WARN_QUOTED_INCLUDE_IN_FRAMEWORK_HEADER = YES;
				CLANG_WARN_RANGE_LOOP_ANALYSIS = YES;
				CLANG_WARN_STRICT_PROTOTYPES = YES;
				CLANG_WARN_SUSPICIOUS_MOVE = YES;
				CLANG_WARN_UNGUARDED_AVAILABILITY = YES_AGGRESSIVE;
				CLANG_WARN_UNREACHABLE_CODE = YES;
				CLANG_WARN__DUPLICATE_METHOD_MATCH = YES;
				COPY_PHASE_STRIP = NO;
				DEBUG_INFORMATION_FORMAT = "dwarf-with-dsym";
				ENABLE_NS_ASSERTIONS = NO;
				ENABLE_STRICT_OBJC_MSGSEND = YES;
				ENABLE_USER_SCRIPT_SANDBOXING = YES;
				GCC_C_LANGUAGE_STANDARD = gnu17;
				GCC_NO_COMMON_BLOCKS = YES;
				GCC_WARN_64_TO_32_BIT_CONVERSION = YES;
				GCC_WARN_ABOUT_RETURN_TYPE = YES_ERROR;
				GCC_WARN_UNDECLARED_SELECTOR = YES;
				GCC_WARN_UNINITIALIZED_AUTOS = YES_AGGRESSIVE;
				GCC_WARN_UNUSED_FUNCTION = YES;
				GCC_WARN_UNUSED_VARIABLE = YES;
				IPHONEOS_DEPLOYMENT_TARGET = 17.4;
				LOCALIZATION_PREFERS_STRING_CATALOGS = YES;
				MTL_ENABLE_DEBUG_INFO = NO;
				MTL_FAST_MATH = YES;
				SDKROOT = iphoneos;
				SWIFT_COMPILATION_MODE = wholemodule;
				VALIDATE_PRODUCT = YES;
			};
			name = Release;
		};
		127122992BEE41A200106069 /* Debug */ = {
			isa = XCBuildConfiguration;
			buildSettings = {
				ASSETCATALOG_COMPILER_APPICON_NAME = AppIcon;
				ASSETCATALOG_COMPILER_GLOBAL_ACCENT_COLOR_NAME = AccentColor;
				CODE_SIGN_STYLE = Automatic;
				CURRENT_PROJECT_VERSION = 1;
				DEVELOPMENT_ASSET_PATHS = "\"TrackPacer/Preview Content\"";
				DEVELOPMENT_TEAM = YV8CWLF497;
				ENABLE_PREVIEWS = YES;
				GENERATE_INFOPLIST_FILE = YES;
				INFOPLIST_FILE = TrackPacer/Info.plist;
				INFOPLIST_KEY_CFBundleDisplayName = TrackPacer;
				INFOPLIST_KEY_LSApplicationCategoryType = "public.app-category.healthcare-fitness";
				INFOPLIST_KEY_UIApplicationSceneManifest_Generation = YES;
				INFOPLIST_KEY_UIApplicationSupportsIndirectInputEvents = YES;
				INFOPLIST_KEY_UILaunchScreen_Generation = YES;
				INFOPLIST_KEY_UIRequiresFullScreen = YES;
				INFOPLIST_KEY_UISupportedInterfaceOrientations_iPad = UIInterfaceOrientationPortrait;
				INFOPLIST_KEY_UISupportedInterfaceOrientations_iPhone = UIInterfaceOrientationPortrait;
				LD_RUNPATH_SEARCH_PATHS = (
					"$(inherited)",
					"@executable_path/Frameworks",
				);
				MARKETING_VERSION = 1.0;
				PRODUCT_BUNDLE_IDENTIFIER = fig7.com.TrackPacer;
				PRODUCT_NAME = "$(TARGET_NAME)";
				SWIFT_EMIT_LOC_STRINGS = YES;
				SWIFT_VERSION = 5.0;
				TARGETED_DEVICE_FAMILY = "1,2";
			};
			name = Debug;
		};
		1271229A2BEE41A200106069 /* Release */ = {
			isa = XCBuildConfiguration;
			buildSettings = {
				ASSETCATALOG_COMPILER_APPICON_NAME = AppIcon;
				ASSETCATALOG_COMPILER_GLOBAL_ACCENT_COLOR_NAME = AccentColor;
				CODE_SIGN_STYLE = Automatic;
				CURRENT_PROJECT_VERSION = 1;
				DEVELOPMENT_ASSET_PATHS = "\"TrackPacer/Preview Content\"";
				DEVELOPMENT_TEAM = YV8CWLF497;
				ENABLE_PREVIEWS = YES;
				GENERATE_INFOPLIST_FILE = YES;
				INFOPLIST_FILE = TrackPacer/Info.plist;
				INFOPLIST_KEY_CFBundleDisplayName = TrackPacer;
				INFOPLIST_KEY_LSApplicationCategoryType = "public.app-category.healthcare-fitness";
				INFOPLIST_KEY_UIApplicationSceneManifest_Generation = YES;
				INFOPLIST_KEY_UIApplicationSupportsIndirectInputEvents = YES;
				INFOPLIST_KEY_UILaunchScreen_Generation = YES;
				INFOPLIST_KEY_UIRequiresFullScreen = YES;
				INFOPLIST_KEY_UISupportedInterfaceOrientations_iPad = UIInterfaceOrientationPortrait;
				INFOPLIST_KEY_UISupportedInterfaceOrientations_iPhone = UIInterfaceOrientationPortrait;
				LD_RUNPATH_SEARCH_PATHS = (
					"$(inherited)",
					"@executable_path/Frameworks",
				);
				MARKETING_VERSION = 1.0;
				PRODUCT_BUNDLE_IDENTIFIER = fig7.com.TrackPacer;
				PRODUCT_NAME = "$(TARGET_NAME)";
				SWIFT_EMIT_LOC_STRINGS = YES;
				SWIFT_VERSION = 5.0;
				TARGETED_DEVICE_FAMILY = "1,2";
			};
			name = Release;
		};
/* End XCBuildConfiguration section */

/* Begin XCConfigurationList section */
		127122852BEE41A000106069 /* Build configuration list for PBXProject "TrackPacer" */ = {
			isa = XCConfigurationList;
			buildConfigurations = (
				127122962BEE41A200106069 /* Debug */,
				127122972BEE41A200106069 /* Release */,
			);
			defaultConfigurationIsVisible = 0;
			defaultConfigurationName = Release;
		};
		127122982BEE41A200106069 /* Build configuration list for PBXNativeTarget "TrackPacer" */ = {
			isa = XCConfigurationList;
			buildConfigurations = (
				127122992BEE41A200106069 /* Debug */,
				1271229A2BEE41A200106069 /* Release */,
			);
			defaultConfigurationIsVisible = 0;
			defaultConfigurationName = Release;
		};
/* End XCConfigurationList section */
	};
	rootObject = 127122822BEE41A000106069 /* Project object */;
}
